// !$*UTF8*$!
{
	archiveVersion = 1;
	classes = {
	};
	objectVersion = 46;
	objects = {

/* Begin PBXBuildFile section */
		167ED8D21ACB79F700AC191F /* AppDelegate.swift in Sources */ = {isa = PBXBuildFile; fileRef = 167ED8D11ACB79F700AC191F /* AppDelegate.swift */; };
		167ED8D41ACB79F700AC191F /* ViewController.swift in Sources */ = {isa = PBXBuildFile; fileRef = 167ED8D31ACB79F700AC191F /* ViewController.swift */; };
		167ED8D71ACB79F700AC191F /* Main.storyboard in Resources */ = {isa = PBXBuildFile; fileRef = 167ED8D51ACB79F700AC191F /* Main.storyboard */; };
		167ED8D91ACB79F700AC191F /* Images.xcassets in Resources */ = {isa = PBXBuildFile; fileRef = 167ED8D81ACB79F700AC191F /* Images.xcassets */; };
		167ED8DC1ACB79F700AC191F /* LaunchScreen.xib in Resources */ = {isa = PBXBuildFile; fileRef = 167ED8DA1ACB79F700AC191F /* LaunchScreen.xib */; };
		167ED8E81ACB79F700AC191F /* RockPaperScissorSpockTests.swift in Sources */ = {isa = PBXBuildFile; fileRef = 167ED8E71ACB79F700AC191F /* RockPaperScissorSpockTests.swift */; };
		167ED8F21ACB805900AC191F /* ResultsViewController.swift in Sources */ = {isa = PBXBuildFile; fileRef = 167ED8F11ACB805900AC191F /* ResultsViewController.swift */; };
		167ED8F41ACDF9AA00AC191F /* RockPaperScissorJudgeTest.swift in Sources */ = {isa = PBXBuildFile; fileRef = 167ED8F31ACDF9AA00AC191F /* RockPaperScissorJudgeTest.swift */; };
		167ED8F61ACDFB2F00AC191F /* RockPaperScissorJudge.swift in Sources */ = {isa = PBXBuildFile; fileRef = 167ED8F51ACDFB2F00AC191F /* RockPaperScissorJudge.swift */; };
		167ED8F71ACDFB7800AC191F /* RockPaperScissorJudge.swift in Sources */ = {isa = PBXBuildFile; fileRef = 167ED8F51ACDFB2F00AC191F /* RockPaperScissorJudge.swift */; };
/* End PBXBuildFile section */

/* Begin PBXContainerItemProxy section */
		167ED8E21ACB79F700AC191F /* PBXContainerItemProxy */ = {
			isa = PBXContainerItemProxy;
			containerPortal = 167ED8C41ACB79F700AC191F /* Project object */;
			proxyType = 1;
			remoteGlobalIDString = 167ED8CB1ACB79F700AC191F;
			remoteInfo = RockPaperScissorSpock;
		};
/* End PBXContainerItemProxy section */

/* Begin PBXFileReference section */
		167ED8CC1ACB79F700AC191F /* RockPaperScissorSpock.app */ = {isa = PBXFileReference; explicitFileType = wrapper.application; includeInIndex = 0; path = RockPaperScissorSpock.app; sourceTree = BUILT_PRODUCTS_DIR; };
		167ED8D01ACB79F700AC191F /* Info.plist */ = {isa = PBXFileReference; lastKnownFileType = text.plist.xml; path = Info.plist; sourceTree = "<group>"; };
		167ED8D11ACB79F700AC191F /* AppDelegate.swift */ = {isa = PBXFileReference; lastKnownFileType = sourcecode.swift; path = AppDelegate.swift; sourceTree = "<group>"; };
		167ED8D31ACB79F700AC191F /* ViewController.swift */ = {isa = PBXFileReference; lastKnownFileType = sourcecode.swift; path = ViewController.swift; sourceTree = "<group>"; };
		167ED8D61ACB79F700AC191F /* Base */ = {isa = PBXFileReference; lastKnownFileType = file.storyboard; name = Base; path = Base.lproj/Main.storyboard; sourceTree = "<group>"; };
		167ED8D81ACB79F700AC191F /* Images.xcassets */ = {isa = PBXFileReference; lastKnownFileType = folder.assetcatalog; path = Images.xcassets; sourceTree = "<group>"; };
		167ED8DB1ACB79F700AC191F /* Base */ = {isa = PBXFileReference; lastKnownFileType = file.xib; name = Base; path = Base.lproj/LaunchScreen.xib; sourceTree = "<group>"; };
		167ED8E11ACB79F700AC191F /* RockPaperScissorSpockTests.xctest */ = {isa = PBXFileReference; explicitFileType = wrapper.cfbundle; includeInIndex = 0; path = RockPaperScissorSpockTests.xctest; sourceTree = BUILT_PRODUCTS_DIR; };
		167ED8E61ACB79F700AC191F /* Info.plist */ = {isa = PBXFileReference; lastKnownFileType = text.plist.xml; path = Info.plist; sourceTree = "<group>"; };
		167ED8E71ACB79F700AC191F /* RockPaperScissorSpockTests.swift */ = {isa = PBXFileReference; lastKnownFileType = sourcecode.swift; path = RockPaperScissorSpockTests.swift; sourceTree = "<group>"; };
		167ED8F11ACB805900AC191F /* ResultsViewController.swift */ = {isa = PBXFileReference; fileEncoding = 4; lastKnownFileType = sourcecode.swift; path = ResultsViewController.swift; sourceTree = "<group>"; };
		167ED8F31ACDF9AA00AC191F /* RockPaperScissorJudgeTest.swift */ = {isa = PBXFileReference; fileEncoding = 4; lastKnownFileType = sourcecode.swift; path = RockPaperScissorJudgeTest.swift; sourceTree = "<group>"; };
		167ED8F51ACDFB2F00AC191F /* RockPaperScissorJudge.swift */ = {isa = PBXFileReference; fileEncoding = 4; lastKnownFileType = sourcecode.swift; path = RockPaperScissorJudge.swift; sourceTree = "<group>"; };
/* End PBXFileReference section */

/* Begin PBXFrameworksBuildPhase section */
		167ED8C91ACB79F700AC191F /* Frameworks */ = {
			isa = PBXFrameworksBuildPhase;
			buildActionMask = 2147483647;
			files = (
			);
			runOnlyForDeploymentPostprocessing = 0;
		};
		167ED8DE1ACB79F700AC191F /* Frameworks */ = {
			isa = PBXFrameworksBuildPhase;
			buildActionMask = 2147483647;
			files = (
			);
			runOnlyForDeploymentPostprocessing = 0;
		};
/* End PBXFrameworksBuildPhase section */

/* Begin PBXGroup section */
		167ED8C31ACB79F700AC191F = {
			isa = PBXGroup;
			children = (
				167ED8CE1ACB79F700AC191F /* RockPaperScissorSpock */,
				167ED8E41ACB79F700AC191F /* RockPaperScissorSpockTests */,
				167ED8CD1ACB79F700AC191F /* Products */,
			);
			sourceTree = "<group>";
		};
		167ED8CD1ACB79F700AC191F /* Products */ = {
			isa = PBXGroup;
			children = (
				167ED8CC1ACB79F700AC191F /* RockPaperScissorSpock.app */,
				167ED8E11ACB79F700AC191F /* RockPaperScissorSpockTests.xctest */,
			);
			name = Products;
			sourceTree = "<group>";
		};
		167ED8CE1ACB79F700AC191F /* RockPaperScissorSpock */ = {
			isa = PBXGroup;
			children = (
				167ED8D11ACB79F700AC191F /* AppDelegate.swift */,
				167ED8D31ACB79F700AC191F /* ViewController.swift */,
				167ED8D51ACB79F700AC191F /* Main.storyboard */,
				167ED8DA1ACB79F700AC191F /* LaunchScreen.xib */,
				167ED8F11ACB805900AC191F /* ResultsViewController.swift */,
				167ED8D81ACB79F700AC191F /* Images.xcassets */,
				167ED8CF1ACB79F700AC191F /* Supporting Files */,
				167ED8F51ACDFB2F00AC191F /* RockPaperScissorJudge.swift */,
			);
			path = RockPaperScissorSpock;
			sourceTree = "<group>";
		};
		167ED8CF1ACB79F700AC191F /* Supporting Files */ = {
			isa = PBXGroup;
			children = (
				167ED8D01ACB79F700AC191F /* Info.plist */,
			);
			name = "Supporting Files";
			sourceTree = "<group>";
		};
		167ED8E41ACB79F700AC191F /* RockPaperScissorSpockTests */ = {
			isa = PBXGroup;
			children = (
				167ED8F31ACDF9AA00AC191F /* RockPaperScissorJudgeTest.swift */,
				167ED8E71ACB79F700AC191F /* RockPaperScissorSpockTests.swift */,
				167ED8E51ACB79F700AC191F /* Supporting Files */,
			);
			path = RockPaperScissorSpockTests;
			sourceTree = "<group>";
		};
		167ED8E51ACB79F700AC191F /* Supporting Files */ = {
			isa = PBXGroup;
			children = (
				167ED8E61ACB79F700AC191F /* Info.plist */,
			);
			name = "Supporting Files";
			sourceTree = "<group>";
		};
/* End PBXGroup section */

/* Begin PBXNativeTarget section */
		167ED8CB1ACB79F700AC191F /* RockPaperScissorSpock */ = {
			isa = PBXNativeTarget;
			buildConfigurationList = 167ED8EB1ACB79F700AC191F /* Build configuration list for PBXNativeTarget "RockPaperScissorSpock" */;
			buildPhases = (
				167ED8C81ACB79F700AC191F /* Sources */,
				167ED8C91ACB79F700AC191F /* Frameworks */,
				167ED8CA1ACB79F700AC191F /* Resources */,
			);
			buildRules = (
			);
			dependencies = (
			);
			name = RockPaperScissorSpock;
			productName = RockPaperScissorSpock;
			productReference = 167ED8CC1ACB79F700AC191F /* RockPaperScissorSpock.app */;
			productType = "com.apple.product-type.application";
		};
		167ED8E01ACB79F700AC191F /* RockPaperScissorSpockTests */ = {
			isa = PBXNativeTarget;
			buildConfigurationList = 167ED8EE1ACB79F700AC191F /* Build configuration list for PBXNativeTarget "RockPaperScissorSpockTests" */;
			buildPhases = (
				167ED8DD1ACB79F700AC191F /* Sources */,
				167ED8DE1ACB79F700AC191F /* Frameworks */,
				167ED8DF1ACB79F700AC191F /* Resources */,
			);
			buildRules = (
			);
			dependencies = (
				167ED8E31ACB79F700AC191F /* PBXTargetDependency */,
			);
			name = RockPaperScissorSpockTests;
			productName = RockPaperScissorSpockTests;
			productReference = 167ED8E11ACB79F700AC191F /* RockPaperScissorSpockTests.xctest */;
			productType = "com.apple.product-type.bundle.unit-test";
		};
/* End PBXNativeTarget section */

/* Begin PBXProject section */
		167ED8C41ACB79F700AC191F /* Project object */ = {
			isa = PBXProject;
			attributes = {
				LastUpgradeCheck = 0620;
				ORGANIZATIONNAME = "John F. Hogarty";
				TargetAttributes = {
					167ED8CB1ACB79F700AC191F = {
						CreatedOnToolsVersion = 6.2;
					};
					167ED8E01ACB79F700AC191F = {
						CreatedOnToolsVersion = 6.2;
						TestTargetID = 167ED8CB1ACB79F700AC191F;
					};
				};
			};
			buildConfigurationList = 167ED8C71ACB79F700AC191F /* Build configuration list for PBXProject "RockPaperScissorSpock" */;
			compatibilityVersion = "Xcode 3.2";
			developmentRegion = English;
			hasScannedForEncodings = 0;
			knownRegions = (
				en,
				Base,
			);
			mainGroup = 167ED8C31ACB79F700AC191F;
			productRefGroup = 167ED8CD1ACB79F700AC191F /* Products */;
			projectDirPath = "";
			projectRoot = "";
			targets = (
				167ED8CB1ACB79F700AC191F /* RockPaperScissorSpock */,
				167ED8E01ACB79F700AC191F /* RockPaperScissorSpockTests */,
			);
		};
/* End PBXProject section */

/* Begin PBXResourcesBuildPhase section */
		167ED8CA1ACB79F700AC191F /* Resources */ = {
			isa = PBXResourcesBuildPhase;
			buildActionMask = 2147483647;
			files = (
				167ED8D71ACB79F700AC191F /* Main.storyboard in Resources */,
				167ED8DC1ACB79F700AC191F /* LaunchScreen.xib in Resources */,
				167ED8D91ACB79F700AC191F /* Images.xcassets in Resources */,
			);
			runOnlyForDeploymentPostprocessing = 0;
		};
		167ED8DF1ACB79F700AC191F /* Resources */ = {
			isa = PBXResourcesBuildPhase;
			buildActionMask = 2147483647;
			files = (
			);
			runOnlyForDeploymentPostprocessing = 0;
		};
/* End PBXResourcesBuildPhase section */

/* Begin PBXSourcesBuildPhase section */
		167ED8C81ACB79F700AC191F /* Sources */ = {
			isa = PBXSourcesBuildPhase;
			buildActionMask = 2147483647;
			files = (
				167ED8D41ACB79F700AC191F /* ViewController.swift in Sources */,
				167ED8D21ACB79F700AC191F /* AppDelegate.swift in Sources */,
				167ED8F61ACDFB2F00AC191F /* RockPaperScissorJudge.swift in Sources */,
				167ED8F21ACB805900AC191F /* ResultsViewController.swift in Sources */,
			);
			runOnlyForDeploymentPostprocessing = 0;
		};
		167ED8DD1ACB79F700AC191F /* Sources */ = {
			isa = PBXSourcesBuildPhase;
			buildActionMask = 2147483647;
			files = (
				167ED8F71ACDFB7800AC191F /* RockPaperScissorJudge.swift in Sources */,
				167ED8F41ACDF9AA00AC191F /* RockPaperScissorJudgeTest.swift in Sources */,
				167ED8E81ACB79F700AC191F /* RockPaperScissorSpockTests.swift in Sources */,
			);
			runOnlyForDeploymentPostprocessing = 0;
		};
/* End PBXSourcesBuildPhase section */

/* Begin PBXTargetDependency section */
		167ED8E31ACB79F700AC191F /* PBXTargetDependency */ = {
			isa = PBXTargetDependency;
			target = 167ED8CB1ACB79F700AC191F /* RockPaperScissorSpock */;
			targetProxy = 167ED8E21ACB79F700AC191F /* PBXContainerItemProxy */;
		};
/* End PBXTargetDependency section */

/* Begin PBXVariantGroup section */
		167ED8D51ACB79F700AC191F /* Main.storyboard */ = {
			isa = PBXVariantGroup;
			children = (
				167ED8D61ACB79F700AC191F /* Base */,
			);
			name = Main.storyboard;
			sourceTree = "<group>";
		};
		167ED8DA1ACB79F700AC191F /* LaunchScreen.xib */ = {
			isa = PBXVariantGroup;
			children = (
				167ED8DB1ACB79F700AC191F /* Base */,
			);
			name = LaunchScreen.xib;
			sourceTree = "<group>";
		};
/* End PBXVariantGroup section */

/* Begin XCBuildConfiguration section */
		167ED8E91ACB79F700AC191F /* Debug */ = {
			isa = XCBuildConfiguration;
			buildSettings = {
				ALWAYS_SEARCH_USER_PATHS = NO;
				CLANG_CXX_LANGUAGE_STANDARD = "gnu++0x";
				CLANG_CXX_LIBRARY = "libc++";
				CLANG_ENABLE_MODULES = YES;
				CLANG_ENABLE_OBJC_ARC = YES;
				CLANG_WARN_BOOL_CONVERSION = YES;
				CLANG_WARN_CONSTANT_CONVERSION = YES;
				CLANG_WARN_DIRECT_OBJC_ISA_USAGE = YES_ERROR;
				CLANG_WARN_EMPTY_BODY = YES;
				CLANG_WARN_ENUM_CONVERSION = YES;
				CLANG_WARN_INT_CONVERSION = YES;
				CLANG_WARN_OBJC_ROOT_CLASS = YES_ERROR;
				CLANG_WARN_UNREACHABLE_CODE = YES;
				CLANG_WARN__DUPLICATE_METHOD_MATCH = YES;
				"CODE_SIGN_IDENTITY[sdk=iphoneos*]" = "iPhone Developer";
				COPY_PHASE_STRIP = NO;
				ENABLE_STRICT_OBJC_MSGSEND = YES;
				GCC_C_LANGUAGE_STANDARD = gnu99;
				GCC_DYNAMIC_NO_PIC = NO;
				GCC_OPTIMIZATION_LEVEL = 0;
				GCC_PREPROCESSOR_DEFINITIONS = (
					"DEBUG=1",
					"$(inherited)",
				);
				GCC_SYMBOLS_PRIVATE_EXTERN = NO;
				GCC_WARN_64_TO_32_BIT_CONVERSION = YES;
				GCC_WARN_ABOUT_RETURN_TYPE = YES_ERROR;
				GCC_WARN_UNDECLARED_SELECTOR = YES;
				GCC_WARN_UNINITIALIZED_AUTOS = YES_AGGRESSIVE;
				GCC_WARN_UNUSED_FUNCTION = YES;
				GCC_WARN_UNUSED_VARIABLE = YES;
				IPHONEOS_DEPLOYMENT_TARGET = 8.2;
				MTL_ENABLE_DEBUG_INFO = YES;
				ONLY_ACTIVE_ARCH = YES;
				SDKROOT = iphoneos;
				SWIFT_OPTIMIZATION_LEVEL = "-Onone";
			};
			name = Debug;
		};
		167ED8EA1ACB79F700AC191F /* Release */ = {
			isa = XCBuildConfiguration;
			buildSettings = {
				ALWAYS_SEARCH_USER_PATHS = NO;
				CLANG_CXX_LANGUAGE_STANDARD = "gnu++0x";
				CLANG_CXX_LIBRARY = "libc++";
				CLANG_ENABLE_MODULES = YES;
				CLANG_ENABLE_OBJC_ARC = YES;
				CLANG_WARN_BOOL_CONVERSION = YES;
				CLANG_WARN_CONSTANT_CONVERSION = YES;
				CLANG_WARN_DIRECT_OBJC_ISA_USAGE = YES_ERROR;
				CLANG_WARN_EMPTY_BODY = YES;
				CLANG_WARN_ENUM_CONVERSION = YES;
				CLANG_WARN_INT_CONVERSION = YES;
				CLANG_WARN_OBJC_ROOT_CLASS = YES_ERROR;
				CLANG_WARN_UNREACHABLE_CODE = YES;
				CLANG_WARN__DUPLICATE_METHOD_MATCH = YES;
				"CODE_SIGN_IDENTITY[sdk=iphoneos*]" = "iPhone Developer";
				COPY_PHASE_STRIP = NO;
				ENABLE_NS_ASSERTIONS = NO;
				ENABLE_STRICT_OBJC_MSGSEND = YES;
				GCC_C_LANGUAGE_STANDARD = gnu99;
				GCC_WARN_64_TO_32_BIT_CONVERSION = YES;
				GCC_WARN_ABOUT_RETURN_TYPE = YES_ERROR;
				GCC_WARN_UNDECLARED_SELECTOR = YES;
				GCC_WARN_UNINITIALIZED_AUTOS = YES_AGGRESSIVE;
				GCC_WARN_UNUSED_FUNCTION = YES;
				GCC_WARN_UNUSED_VARIABLE = YES;
				IPHONEOS_DEPLOYMENT_TARGET = 8.2;
				MTL_ENABLE_DEBUG_INFO = NO;
				SDKROOT = iphoneos;
				VALIDATE_PRODUCT = YES;
			};
			name = Release;
		};
		167ED8EC1ACB79F700AC191F /* Debug */ = {
			isa = XCBuildConfiguration;
			buildSettings = {
				ASSETCATALOG_COMPILER_APPICON_NAME = AppIcon;
				INFOPLIST_FILE = RockPaperScissorSpock/Info.plist;
				LD_RUNPATH_SEARCH_PATHS = "$(inherited) @executable_path/Frameworks";
				PRODUCT_NAME = "$(TARGET_NAME)";
			};
			name = Debug;
		};
		167ED8ED1ACB79F700AC191F /* Release */ = {
			isa = XCBuildConfiguration;
			buildSettings = {
				ASSETCATALOG_COMPILER_APPICON_NAME = AppIcon;
				INFOPLIST_FILE = RockPaperScissorSpock/Info.plist;
				LD_RUNPATH_SEARCH_PATHS = "$(inherited) @executable_path/Frameworks";
				PRODUCT_NAME = "$(TARGET_NAME)";
			};
			name = Release;
		};
		167ED8EF1ACB79F700AC191F /* Debug */ = {
			isa = XCBuildConfiguration;
			buildSettings = {
				BUNDLE_LOADER = "$(TEST_HOST)";
				FRAMEWORK_SEARCH_PATHS = (
					"$(SDKROOT)/Developer/Library/Frameworks",
					"$(inherited)",
				);
				GCC_PREPROCESSOR_DEFINITIONS = (
					"DEBUG=1",
					"$(inherited)",
				);
				INFOPLIST_FILE = RockPaperScissorSpockTests/Info.plist;
				LD_RUNPATH_SEARCH_PATHS = "$(inherited) @executable_path/Frameworks @loader_path/Frameworks";
				PRODUCT_NAME = "$(TARGET_NAME)";
				TEST_HOST = "$(BUILT_PRODUCTS_DIR)/RockPaperScissorSpock.app/RockPaperScissorSpock";
			};
			name = Debug;
		};
		167ED8F01ACB79F700AC191F /* Release */ = {
			isa = XCBuildConfiguration;
			buildSettings = {
				BUNDLE_LOADER = "$(TEST_HOST)";
				FRAMEWORK_SEARCH_PATHS = (
					"$(SDKROOT)/Developer/Library/Frameworks",
					"$(inherited)",
				);
				INFOPLIST_FILE = RockPaperScissorSpockTests/Info.plist;
				LD_RUNPATH_SEARCH_PATHS = "$(inherited) @executable_path/Frameworks @loader_path/Frameworks";
				PRODUCT_NAME = "$(TARGET_NAME)";
				TEST_HOST = "$(BUILT_PRODUCTS_DIR)/RockPaperScissorSpock.app/RockPaperScissorSpock";
			};
			name = Release;
		};
/* End XCBuildConfiguration section */

/* Begin XCConfigurationList section */
		167ED8C71ACB79F700AC191F /* Build configuration list for PBXProject "RockPaperScissorSpock" */ = {
			isa = XCConfigurationList;
			buildConfigurations = (
				167ED8E91ACB79F700AC191F /* Debug */,
				167ED8EA1ACB79F700AC191F /* Release */,
			);
			defaultConfigurationIsVisible = 0;
			defaultConfigurationName = Release;
		};
		167ED8EB1ACB79F700AC191F /* Build configuration list for PBXNativeTarget "RockPaperScissorSpock" */ = {
			isa = XCConfigurationList;
			buildConfigurations = (
				167ED8EC1ACB79F700AC191F /* Debug */,
				167ED8ED1ACB79F700AC191F /* Release */,
			);
			defaultConfigurationIsVisible = 0;
		};
		167ED8EE1ACB79F700AC191F /* Build configuration list for PBXNativeTarget "RockPaperScissorSpockTests" */ = {
			isa = XCConfigurationList;
			buildConfigurations = (
				167ED8EF1ACB79F700AC191F /* Debug */,
				167ED8F01ACB79F700AC191F /* Release */,
			);
			defaultConfigurationIsVisible = 0;
		};
/* End XCConfigurationList section */
	};
	rootObject = 167ED8C41ACB79F700AC191F /* Project object */;
}
